
Microsoft Visual Studio Solution File, Format Version 12.00
# Visual Studio 15
VisualStudioVersion = 15.0.27130.2036
MinimumVisualStudioVersion = 10.0.40219.1
Project("{2150E333-8FDC-42A3-9474-1A3956D46DE8}") = "1.表现", "1.表现", "{5F420258-0110-494B-98DA-94B5B61B2E5F}"
EndProject
Project("{2150E333-8FDC-42A3-9474-1A3956D46DE8}") = "8.其他", "8.其他", "{38AE7166-6167-4D42-A479-647797CD1A83}"
EndProject
Project("{9A19103F-16F7-4668-BE54-9A1E7A4F7556}") = "Ku.Core.Infrastructure", "Ku.Core.Infrastructure\Ku.Core.Infrastructure.csproj", "{73C2FAAC-7BCB-420E-913E-37CE2F21470F}"
EndProject
Project("{2150E333-8FDC-42A3-9474-1A3956D46DE8}") = "4.数据", "4.数据", "{710A57A2-44CD-4A89-A01A-1AF755B90113}"
EndProject
Project("{9A19103F-16F7-4668-BE54-9A1E7A4F7556}") = "Ku.Core.CMS.Data", "Ku.Core.CMS.Data\Ku.Core.CMS.Data.csproj", "{02FBBBAB-95BC-4C92-BABA-B0F1F84EA50B}"
EndProject
Project("{2150E333-8FDC-42A3-9474-1A3956D46DE8}") = "3.服务", "3.服务", "{55C35987-B209-43DB-A627-3E77CC97586F}"
EndProject
Project("{9A19103F-16F7-4668-BE54-9A1E7A4F7556}") = "Ku.Core.CMS.Service", "Ku.Core.CMS.Service\Ku.Core.CMS.Service.csproj", "{CF98FC79-1E4E-4AE0-80F6-428ED33F4CBB}"
EndProject
Project("{9A19103F-16F7-4668-BE54-9A1E7A4F7556}") = "Ku.Core.Cache", "Ku.Core.Cache\Ku.Core.Cache.csproj", "{5B0EFC0F-BCCB-4661-8EAB-5700FD6CE25C}"
EndProject
Project("{9A19103F-16F7-4668-BE54-9A1E7A4F7556}") = "Ku.Core.CMS.Web", "Ku.Core.CMS.Web\Ku.Core.CMS.Web.csproj", "{865F844C-DD2F-4F05-B534-B7EA154DF883}"
EndProject
Project("{9A19103F-16F7-4668-BE54-9A1E7A4F7556}") = "Ku.Core.CMS.Job", "Ku.Core.CMS.Job\Ku.Core.CMS.Job.csproj", "{3A2B4850-8EA0-4094-996E-BE982B5AE65D}"
EndProject
Project("{2150E333-8FDC-42A3-9474-1A3956D46DE8}") = "0.基础", "0.基础", "{92B8B0CA-E355-4FC9-8F1A-C056112CB388}"
EndProject
Project("{9A19103F-16F7-4668-BE54-9A1E7A4F7556}") = "Ku.Core.Tokens.Jwt", "Ku.Core.Tokens.Jwt\Ku.Core.Tokens.Jwt.csproj", "{38BA2F99-2E0B-4B17-AEEB-AA1319DF0985}"
EndProject
Project("{9A19103F-16F7-4668-BE54-9A1E7A4F7556}") = "Ku.Core.CMS.Domain", "Ku.Core.CMS.Domain\Ku.Core.CMS.Domain.csproj", "{3B9DB242-13E5-401A-8592-3BAB515AEDEF}"
EndProject
Project("{2150E333-8FDC-42A3-9474-1A3956D46DE8}") = "5.定时任务", "5.定时任务", "{AAA4FAE3-F8E8-441D-A1F7-CEE3153858D4}"
EndProject
Project("{9A19103F-16F7-4668-BE54-9A1E7A4F7556}") = "Ku.Core.CMS.TaskApp", "Ku.Core.CMS.TaskApp\Ku.Core.CMS.TaskApp.csproj", "{2BE05EA2-E672-401A-98F5-519CE4088AEC}"
EndProject
Project("{9A19103F-16F7-4668-BE54-9A1E7A4F7556}") = "Ku.Core.CMS.CodeGenerator", "Ku.Core.CMS.CodeGenerator\Ku.Core.CMS.CodeGenerator.csproj", "{1D36842E-C60C-460A-905E-8E8B604B04D1}"
EndProject
Project("{2150E333-8FDC-42A3-9474-1A3956D46DE8}") = "6.测试", "6.测试", "{90D6C3DB-5BAC-4192-B281-6F553849024E}"
EndProject
Project("{9A19103F-16F7-4668-BE54-9A1E7A4F7556}") = "Ku.Core.CMS.Tests", "Ku.Core.CMS.Tests\Ku.Core.CMS.Tests.csproj", "{63ED8391-D0AA-43B1-B0CD-3628F89895E9}"
EndProject
Project("{9A19103F-16F7-4668-BE54-9A1E7A4F7556}") = "Ku.Core.EventBus", "Ku.Core.EventBus\Ku.Core.EventBus.csproj", "{30BFE056-3FD9-4120-86B8-DD14A007127B}"
EndProject
Project("{9A19103F-16F7-4668-BE54-9A1E7A4F7556}") = "Ku.Core.Tools", "Ku.Core.Tools\Ku.Core.Tools.csproj", "{326151C5-9475-407F-BA21-2925151DC8A4}"
EndProject
Project("{9A19103F-16F7-4668-BE54-9A1E7A4F7556}") = "Ku.Core.CMS.Web.Backend", "Ku.Core.CMS.Web.Backend\Ku.Core.CMS.Web.Backend.csproj", "{F09D0224-A801-44F5-8B42-9301F22372CF}"
EndProject
Project("{2150E333-8FDC-42A3-9474-1A3956D46DE8}") = "7.开源项目", "7.开源项目", "{3FFD240A-9650-4B56-ADEA-A094642369E6}"
EndProject
Project("{9A19103F-16F7-4668-BE54-9A1E7A4F7556}") = "Ku.Core.Session", "Ku.Core.Session\Ku.Core.Session.csproj", "{8549DD05-26F6-4202-A1B0-AC9CF7309590}"
EndProject
Project("{2150E333-8FDC-42A3-9474-1A3956D46DE8}") = "2.接口", "2.接口", "{9D86126B-0723-4E1C-B95A-DCD1E079D624}"
EndProject
Project("{9A19103F-16F7-4668-BE54-9A1E7A4F7556}") = "Ku.Core.CMS.IService", "Ku.Core.CMS.IService\Ku.Core.CMS.IService.csproj", "{87DCC404-9023-44AF-9CCF-C978B8BF5FC3}"
EndProject
Project("{9A19103F-16F7-4668-BE54-9A1E7A4F7556}") = "Ku.Core.WeChat", "Ku.Core.WeChat\Ku.Core.WeChat.csproj", "{758526A6-BC28-4883-A392-3A22DE484F16}"
EndProject
Project("{9A19103F-16F7-4668-BE54-9A1E7A4F7556}") = "Ku.Core.CMS.WebApi", "Ku.Core.CMS.WebApi\Ku.Core.CMS.WebApi.csproj", "{4DB286CD-6FD4-4AE7-86B1-BAA046109256}"
EndProject
Project("{9A19103F-16F7-4668-BE54-9A1E7A4F7556}") = "Ku.Core.Communication", "Ku.Core.Communication\Ku.Core.Communication.csproj", "{5AF55AE7-924B-46E0-A71C-C05A5A653146}"
EndProject
Project("{9A19103F-16F7-4668-BE54-9A1E7A4F7556}") = "Ku.Core.Extensions.Layui", "..\..\开源\Ku.Core.Extensions\Ku.Core.Extensions.Layui\Ku.Core.Extensions.Layui.csproj", "{720B0C52-C3C6-4E57-AD2C-E62E00865D08}"
EndProject
Project("{9A19103F-16F7-4668-BE54-9A1E7A4F7556}") = "Ku.Core.Extensions.Ui", "..\..\开源\Ku.Core.Extensions\Ku.Core.Extensions.Ui\Ku.Core.Extensions.Ui.csproj", "{161AB5B3-87D3-4483-9C12-127EBBE36D9A}"
EndProject
Project("{9A19103F-16F7-4668-BE54-9A1E7A4F7556}") = "Ku.Core.Extensions.Layui.Test", "..\..\开源\Ku.Core.Extensions\Tests\Ku.Core.Extensions.Layui.Test\Ku.Core.Extensions.Layui.Test.csproj", "{1F7485DA-16EE-4CC2-BE18-E51A868CACB3}"
EndProject
Global
	GlobalSection(SolutionConfigurationPlatforms) = preSolution
		Debug|Any CPU = Debug|Any CPU
		Release|Any CPU = Release|Any CPU
	EndGlobalSection
	GlobalSection(ProjectConfigurationPlatforms) = postSolution
		{73C2FAAC-7BCB-420E-913E-37CE2F21470F}.Debug|Any CPU.ActiveCfg = Debug|Any CPU
		{73C2FAAC-7BCB-420E-913E-37CE2F21470F}.Debug|Any CPU.Build.0 = Debug|Any CPU
		{73C2FAAC-7BCB-420E-913E-37CE2F21470F}.Release|Any CPU.ActiveCfg = Release|Any CPU
		{73C2FAAC-7BCB-420E-913E-37CE2F21470F}.Release|Any CPU.Build.0 = Release|Any CPU
		{02FBBBAB-95BC-4C92-BABA-B0F1F84EA50B}.Debug|Any CPU.ActiveCfg = Debug|Any CPU
		{02FBBBAB-95BC-4C92-BABA-B0F1F84EA50B}.Debug|Any CPU.Build.0 = Debug|Any CPU
		{02FBBBAB-95BC-4C92-BABA-B0F1F84EA50B}.Release|Any CPU.ActiveCfg = Release|Any CPU
		{02FBBBAB-95BC-4C92-BABA-B0F1F84EA50B}.Release|Any CPU.Build.0 = Release|Any CPU
		{CF98FC79-1E4E-4AE0-80F6-428ED33F4CBB}.Debug|Any CPU.ActiveCfg = Debug|Any CPU
		{CF98FC79-1E4E-4AE0-80F6-428ED33F4CBB}.Debug|Any CPU.Build.0 = Debug|Any CPU
		{CF98FC79-1E4E-4AE0-80F6-428ED33F4CBB}.Release|Any CPU.ActiveCfg = Release|Any CPU
		{CF98FC79-1E4E-4AE0-80F6-428ED33F4CBB}.Release|Any CPU.Build.0 = Release|Any CPU
		{5B0EFC0F-BCCB-4661-8EAB-5700FD6CE25C}.Debug|Any CPU.ActiveCfg = Debug|Any CPU
		{5B0EFC0F-BCCB-4661-8EAB-5700FD6CE25C}.Debug|Any CPU.Build.0 = Debug|Any CPU
		{5B0EFC0F-BCCB-4661-8EAB-5700FD6CE25C}.Release|Any CPU.ActiveCfg = Release|Any CPU
		{5B0EFC0F-BCCB-4661-8EAB-5700FD6CE25C}.Release|Any CPU.Build.0 = Release|Any CPU
		{865F844C-DD2F-4F05-B534-B7EA154DF883}.Debug|Any CPU.ActiveCfg = Debug|Any CPU
		{865F844C-DD2F-4F05-B534-B7EA154DF883}.Debug|Any CPU.Build.0 = Debug|Any CPU
		{865F844C-DD2F-4F05-B534-B7EA154DF883}.Release|Any CPU.ActiveCfg = Release|Any CPU
		{865F844C-DD2F-4F05-B534-B7EA154DF883}.Release|Any CPU.Build.0 = Release|Any CPU
		{3A2B4850-8EA0-4094-996E-BE982B5AE65D}.Debug|Any CPU.ActiveCfg = Debug|Any CPU
		{3A2B4850-8EA0-4094-996E-BE982B5AE65D}.Debug|Any CPU.Build.0 = Debug|Any CPU
		{3A2B4850-8EA0-4094-996E-BE982B5AE65D}.Release|Any CPU.ActiveCfg = Release|Any CPU
		{3A2B4850-8EA0-4094-996E-BE982B5AE65D}.Release|Any CPU.Build.0 = Release|Any CPU
		{38BA2F99-2E0B-4B17-AEEB-AA1319DF0985}.Debug|Any CPU.ActiveCfg = Debug|Any CPU
		{38BA2F99-2E0B-4B17-AEEB-AA1319DF0985}.Debug|Any CPU.Build.0 = Debug|Any CPU
		{38BA2F99-2E0B-4B17-AEEB-AA1319DF0985}.Release|Any CPU.ActiveCfg = Release|Any CPU
		{38BA2F99-2E0B-4B17-AEEB-AA1319DF0985}.Release|Any CPU.Build.0 = Release|Any CPU
		{3B9DB242-13E5-401A-8592-3BAB515AEDEF}.Debug|Any CPU.ActiveCfg = Debug|Any CPU
		{3B9DB242-13E5-401A-8592-3BAB515AEDEF}.Debug|Any CPU.Build.0 = Debug|Any CPU
		{3B9DB242-13E5-401A-8592-3BAB515AEDEF}.Release|Any CPU.ActiveCfg = Release|Any CPU
		{3B9DB242-13E5-401A-8592-3BAB515AEDEF}.Release|Any CPU.Build.0 = Release|Any CPU
		{2BE05EA2-E672-401A-98F5-519CE4088AEC}.Debug|Any CPU.ActiveCfg = Debug|Any CPU
		{2BE05EA2-E672-401A-98F5-519CE4088AEC}.Debug|Any CPU.Build.0 = Debug|Any CPU
		{2BE05EA2-E672-401A-98F5-519CE4088AEC}.Release|Any CPU.ActiveCfg = Release|Any CPU
		{2BE05EA2-E672-401A-98F5-519CE4088AEC}.Release|Any CPU.Build.0 = Release|Any CPU
		{1D36842E-C60C-460A-905E-8E8B604B04D1}.Debug|Any CPU.ActiveCfg = Debug|Any CPU
		{1D36842E-C60C-460A-905E-8E8B604B04D1}.Debug|Any CPU.Build.0 = Debug|Any CPU
		{1D36842E-C60C-460A-905E-8E8B604B04D1}.Release|Any CPU.ActiveCfg = Release|Any CPU
		{1D36842E-C60C-460A-905E-8E8B604B04D1}.Release|Any CPU.Build.0 = Release|Any CPU
		{63ED8391-D0AA-43B1-B0CD-3628F89895E9}.Debug|Any CPU.ActiveCfg = Debug|Any CPU
		{63ED8391-D0AA-43B1-B0CD-3628F89895E9}.Debug|Any CPU.Build.0 = Debug|Any CPU
		{63ED8391-D0AA-43B1-B0CD-3628F89895E9}.Release|Any CPU.ActiveCfg = Release|Any CPU
		{63ED8391-D0AA-43B1-B0CD-3628F89895E9}.Release|Any CPU.Build.0 = Release|Any CPU
		{30BFE056-3FD9-4120-86B8-DD14A007127B}.Debug|Any CPU.ActiveCfg = Debug|Any CPU
		{30BFE056-3FD9-4120-86B8-DD14A007127B}.Debug|Any CPU.Build.0 = Debug|Any CPU
		{30BFE056-3FD9-4120-86B8-DD14A007127B}.Release|Any CPU.ActiveCfg = Release|Any CPU
		{30BFE056-3FD9-4120-86B8-DD14A007127B}.Release|Any CPU.Build.0 = Release|Any CPU
		{326151C5-9475-407F-BA21-2925151DC8A4}.Debug|Any CPU.ActiveCfg = Debug|Any CPU
		{326151C5-9475-407F-BA21-2925151DC8A4}.Debug|Any CPU.Build.0 = Debug|Any CPU
		{326151C5-9475-407F-BA21-2925151DC8A4}.Release|Any CPU.ActiveCfg = Release|Any CPU
		{326151C5-9475-407F-BA21-2925151DC8A4}.Release|Any CPU.Build.0 = Release|Any CPU
		{F09D0224-A801-44F5-8B42-9301F22372CF}.Debug|Any CPU.ActiveCfg = Debug|Any CPU
		{F09D0224-A801-44F5-8B42-9301F22372CF}.Debug|Any CPU.Build.0 = Debug|Any CPU
		{F09D0224-A801-44F5-8B42-9301F22372CF}.Release|Any CPU.ActiveCfg = Release|Any CPU
		{F09D0224-A801-44F5-8B42-9301F22372CF}.Release|Any CPU.Build.0 = Release|Any CPU
		{8549DD05-26F6-4202-A1B0-AC9CF7309590}.Debug|Any CPU.ActiveCfg = Debug|Any CPU
		{8549DD05-26F6-4202-A1B0-AC9CF7309590}.Debug|Any CPU.Build.0 = Debug|Any CPU
		{8549DD05-26F6-4202-A1B0-AC9CF7309590}.Release|Any CPU.ActiveCfg = Release|Any CPU
		{8549DD05-26F6-4202-A1B0-AC9CF7309590}.Release|Any CPU.Build.0 = Release|Any CPU
		{87DCC404-9023-44AF-9CCF-C978B8BF5FC3}.Debug|Any CPU.ActiveCfg = Debug|Any CPU
		{87DCC404-9023-44AF-9CCF-C978B8BF5FC3}.Debug|Any CPU.Build.0 = Debug|Any CPU
		{87DCC404-9023-44AF-9CCF-C978B8BF5FC3}.Release|Any CPU.ActiveCfg = Release|Any CPU
		{87DCC404-9023-44AF-9CCF-C978B8BF5FC3}.Release|Any CPU.Build.0 = Release|Any CPU
		{758526A6-BC28-4883-A392-3A22DE484F16}.Debug|Any CPU.ActiveCfg = Debug|Any CPU
		{758526A6-BC28-4883-A392-3A22DE484F16}.Debug|Any CPU.Build.0 = Debug|Any CPU
		{758526A6-BC28-4883-A392-3A22DE484F16}.Release|Any CPU.ActiveCfg = Release|Any CPU
		{758526A6-BC28-4883-A392-3A22DE484F16}.Release|Any CPU.Build.0 = Release|Any CPU
		{4DB286CD-6FD4-4AE7-86B1-BAA046109256}.Debug|Any CPU.ActiveCfg = Debug|Any CPU
		{4DB286CD-6FD4-4AE7-86B1-BAA046109256}.Debug|Any CPU.Build.0 = Debug|Any CPU
		{4DB286CD-6FD4-4AE7-86B1-BAA046109256}.Release|Any CPU.ActiveCfg = Release|Any CPU
		{4DB286CD-6FD4-4AE7-86B1-BAA046109256}.Release|Any CPU.Build.0 = Release|Any CPU
		{5AF55AE7-924B-46E0-A71C-C05A5A653146}.Debug|Any CPU.ActiveCfg = Debug|Any CPU
		{5AF55AE7-924B-46E0-A71C-C05A5A653146}.Debug|Any CPU.Build.0 = Debug|Any CPU
		{5AF55AE7-924B-46E0-A71C-C05A5A653146}.Release|Any CPU.ActiveCfg = Release|Any CPU
		{5AF55AE7-924B-46E0-A71C-C05A5A653146}.Release|Any CPU.Build.0 = Release|Any CPU
		{720B0C52-C3C6-4E57-AD2C-E62E00865D08}.Debug|Any CPU.ActiveCfg = Debug|Any CPU
		{720B0C52-C3C6-4E57-AD2C-E62E00865D08}.Debug|Any CPU.Build.0 = Debug|Any CPU
		{720B0C52-C3C6-4E57-AD2C-E62E00865D08}.Release|Any CPU.ActiveCfg = Release|Any CPU
		{720B0C52-C3C6-4E57-AD2C-E62E00865D08}.Release|Any CPU.Build.0 = Release|Any CPU
		{161AB5B3-87D3-4483-9C12-127EBBE36D9A}.Debug|Any CPU.ActiveCfg = Debug|Any CPU
		{161AB5B3-87D3-4483-9C12-127EBBE36D9A}.Debug|Any CPU.Build.0 = Debug|Any CPU
		{161AB5B3-87D3-4483-9C12-127EBBE36D9A}.Release|Any CPU.ActiveCfg = Release|Any CPU
		{161AB5B3-87D3-4483-9C12-127EBBE36D9A}.Release|Any CPU.Build.0 = Release|Any CPU
		{1F7485DA-16EE-4CC2-BE18-E51A868CACB3}.Debug|Any CPU.ActiveCfg = Debug|Any CPU
		{1F7485DA-16EE-4CC2-BE18-E51A868CACB3}.Debug|Any CPU.Build.0 = Debug|Any CPU
		{1F7485DA-16EE-4CC2-BE18-E51A868CACB3}.Release|Any CPU.ActiveCfg = Release|Any CPU
		{1F7485DA-16EE-4CC2-BE18-E51A868CACB3}.Release|Any CPU.Build.0 = Release|Any CPU
	EndGlobalSection
	GlobalSection(SolutionProperties) = preSolution
		HideSolutionNode = FALSE
	EndGlobalSection
	GlobalSection(NestedProjects) = preSolution
		{73C2FAAC-7BCB-420E-913E-37CE2F21470F} = {92B8B0CA-E355-4FC9-8F1A-C056112CB388}
		{02FBBBAB-95BC-4C92-BABA-B0F1F84EA50B} = {710A57A2-44CD-4A89-A01A-1AF755B90113}
		{CF98FC79-1E4E-4AE0-80F6-428ED33F4CBB} = {55C35987-B209-43DB-A627-3E77CC97586F}
		{5B0EFC0F-BCCB-4661-8EAB-5700FD6CE25C} = {92B8B0CA-E355-4FC9-8F1A-C056112CB388}
		{865F844C-DD2F-4F05-B534-B7EA154DF883} = {5F420258-0110-494B-98DA-94B5B61B2E5F}
		{3A2B4850-8EA0-4094-996E-BE982B5AE65D} = {AAA4FAE3-F8E8-441D-A1F7-CEE3153858D4}
		{38BA2F99-2E0B-4B17-AEEB-AA1319DF0985} = {92B8B0CA-E355-4FC9-8F1A-C056112CB388}
		{3B9DB242-13E5-401A-8592-3BAB515AEDEF} = {710A57A2-44CD-4A89-A01A-1AF755B90113}
		{2BE05EA2-E672-401A-98F5-519CE4088AEC} = {AAA4FAE3-F8E8-441D-A1F7-CEE3153858D4}
		{1D36842E-C60C-460A-905E-8E8B604B04D1} = {38AE7166-6167-4D42-A479-647797CD1A83}
		{63ED8391-D0AA-43B1-B0CD-3628F89895E9} = {90D6C3DB-5BAC-4192-B281-6F553849024E}
		{30BFE056-3FD9-4120-86B8-DD14A007127B} = {92B8B0CA-E355-4FC9-8F1A-C056112CB388}
		{326151C5-9475-407F-BA21-2925151DC8A4} = {92B8B0CA-E355-4FC9-8F1A-C056112CB388}
		{F09D0224-A801-44F5-8B42-9301F22372CF} = {5F420258-0110-494B-98DA-94B5B61B2E5F}
		{8549DD05-26F6-4202-A1B0-AC9CF7309590} = {92B8B0CA-E355-4FC9-8F1A-C056112CB388}
		{87DCC404-9023-44AF-9CCF-C978B8BF5FC3} = {55C35987-B209-43DB-A627-3E77CC97586F}
		{758526A6-BC28-4883-A392-3A22DE484F16} = {92B8B0CA-E355-4FC9-8F1A-C056112CB388}
		{4DB286CD-6FD4-4AE7-86B1-BAA046109256} = {9D86126B-0723-4E1C-B95A-DCD1E079D624}
		{5AF55AE7-924B-46E0-A71C-C05A5A653146} = {92B8B0CA-E355-4FC9-8F1A-C056112CB388}
		{720B0C52-C3C6-4E57-AD2C-E62E00865D08} = {3FFD240A-9650-4B56-ADEA-A094642369E6}
		{161AB5B3-87D3-4483-9C12-127EBBE36D9A} = {3FFD240A-9650-4B56-ADEA-A094642369E6}
		{1F7485DA-16EE-4CC2-BE18-E51A868CACB3} = {3FFD240A-9650-4B56-ADEA-A094642369E6}
	EndGlobalSection
	GlobalSection(ExtensibilityGlobals) = postSolution
		SolutionGuid = {DB556CB4-2C5F-4B1A-B5B1-F8B62E39742A}
	EndGlobalSection
EndGlobal
