
Microsoft Visual Studio Solution File, Format Version 12.00
# Visual Studio 15
VisualStudioVersion = 15.0.27130.2036
MinimumVisualStudioVersion = 10.0.40219.1
Project("{2150E333-8FDC-42A3-9474-1A3956D46DE8}") = "1.表现", "1.表现", "{5F420258-0110-494B-98DA-94B5B61B2E5F}"
EndProject
Project("{2150E333-8FDC-42A3-9474-1A3956D46DE8}") = "8.其他", "8.其他", "{38AE7166-6167-4D42-A479-647797CD1A83}"
EndProject
Project("{9A19103F-16F7-4668-BE54-9A1E7A4F7556}") = "Vino.Core.Infrastructure", "Vino.Core.Infrastructure\Vino.Core.Infrastructure.csproj", "{73C2FAAC-7BCB-420E-913E-37CE2F21470F}"
EndProject
Project("{2150E333-8FDC-42A3-9474-1A3956D46DE8}") = "4.数据", "4.数据", "{710A57A2-44CD-4A89-A01A-1AF755B90113}"
EndProject
Project("{9A19103F-16F7-4668-BE54-9A1E7A4F7556}") = "Vino.Core.CMS.Data", "Vino.Core.CMS.Data\Vino.Core.CMS.Data.csproj", "{02FBBBAB-95BC-4C92-BABA-B0F1F84EA50B}"
EndProject
Project("{2150E333-8FDC-42A3-9474-1A3956D46DE8}") = "3.服务", "3.服务", "{55C35987-B209-43DB-A627-3E77CC97586F}"
EndProject
Project("{9A19103F-16F7-4668-BE54-9A1E7A4F7556}") = "Vino.Core.CMS.Service", "Vino.Core.CMS.Service\Vino.Core.CMS.Service.csproj", "{CF98FC79-1E4E-4AE0-80F6-428ED33F4CBB}"
EndProject
Project("{9A19103F-16F7-4668-BE54-9A1E7A4F7556}") = "Vino.Core.Cache", "Vino.Core.Cache\Vino.Core.Cache.csproj", "{5B0EFC0F-BCCB-4661-8EAB-5700FD6CE25C}"
EndProject
Project("{9A19103F-16F7-4668-BE54-9A1E7A4F7556}") = "Vino.Core.CMS.Web", "Vino.Core.CMS.Web\Vino.Core.CMS.Web.csproj", "{865F844C-DD2F-4F05-B534-B7EA154DF883}"
EndProject
Project("{9A19103F-16F7-4668-BE54-9A1E7A4F7556}") = "Vino.Core.CMS.Job", "Vino.Core.CMS.Job\Vino.Core.CMS.Job.csproj", "{3A2B4850-8EA0-4094-996E-BE982B5AE65D}"
EndProject
Project("{2150E333-8FDC-42A3-9474-1A3956D46DE8}") = "0.基础", "0.基础", "{92B8B0CA-E355-4FC9-8F1A-C056112CB388}"
EndProject
Project("{9A19103F-16F7-4668-BE54-9A1E7A4F7556}") = "Vino.Core.Tokens.Jwt", "Vino.Core.Tokens.Jwt\Vino.Core.Tokens.Jwt.csproj", "{38BA2F99-2E0B-4B17-AEEB-AA1319DF0985}"
EndProject
Project("{9A19103F-16F7-4668-BE54-9A1E7A4F7556}") = "Vino.Core.CMS.Domain", "Vino.Core.CMS.Domain\Vino.Core.CMS.Domain.csproj", "{3B9DB242-13E5-401A-8592-3BAB515AEDEF}"
EndProject
Project("{2150E333-8FDC-42A3-9474-1A3956D46DE8}") = "5.定时任务", "5.定时任务", "{AAA4FAE3-F8E8-441D-A1F7-CEE3153858D4}"
EndProject
Project("{9A19103F-16F7-4668-BE54-9A1E7A4F7556}") = "Vino.Core.TimedTask", "..\..\开源\Vino.Core.TimedTask\source\Vino.Core.TimedTask\Vino.Core.TimedTask.csproj", "{EE0DB9D1-1226-430E-9BB2-1B1B680D0DF5}"
EndProject
Project("{9A19103F-16F7-4668-BE54-9A1E7A4F7556}") = "Vino.Core.TimedTask.EntityFramework", "..\..\开源\Vino.Core.TimedTask\source\Vino.Core.TimedTask.EntityFramework\Vino.Core.TimedTask.EntityFramework.csproj", "{00A492FB-10A7-433D-8374-95D0329D6C16}"
EndProject
Project("{9A19103F-16F7-4668-BE54-9A1E7A4F7556}") = "Vino.Core.CMS.TaskApp", "Vino.Core.CMS.TaskApp\Vino.Core.CMS.TaskApp.csproj", "{2BE05EA2-E672-401A-98F5-519CE4088AEC}"
EndProject
Project("{9A19103F-16F7-4668-BE54-9A1E7A4F7556}") = "Vino.Core.CMS.CodeGenerator", "Vino.Core.CMS.CodeGenerator\Vino.Core.CMS.CodeGenerator.csproj", "{1D36842E-C60C-460A-905E-8E8B604B04D1}"
EndProject
Project("{2150E333-8FDC-42A3-9474-1A3956D46DE8}") = "6.测试", "6.测试", "{90D6C3DB-5BAC-4192-B281-6F553849024E}"
EndProject
Project("{9A19103F-16F7-4668-BE54-9A1E7A4F7556}") = "Vino.Core.CMS.Tests", "Vino.Core.CMS.Tests\Vino.Core.CMS.Tests.csproj", "{63ED8391-D0AA-43B1-B0CD-3628F89895E9}"
EndProject
Project("{9A19103F-16F7-4668-BE54-9A1E7A4F7556}") = "Vino.Core.EventBus", "Vino.Core.EventBus\Vino.Core.EventBus.csproj", "{30BFE056-3FD9-4120-86B8-DD14A007127B}"
EndProject
Project("{9A19103F-16F7-4668-BE54-9A1E7A4F7556}") = "Vino.Core.Tools", "Vino.Core.Tools\Vino.Core.Tools.csproj", "{326151C5-9475-407F-BA21-2925151DC8A4}"
EndProject
Project("{9A19103F-16F7-4668-BE54-9A1E7A4F7556}") = "Vino.Core.CMS.Web.Backend", "Vino.Core.CMS.Web.Backend\Vino.Core.CMS.Web.Backend.csproj", "{F09D0224-A801-44F5-8B42-9301F22372CF}"
EndProject
Project("{9A19103F-16F7-4668-BE54-9A1E7A4F7556}") = "Vino.Core.Extensions.Layui", "..\..\开源\Vino.Core.Extensions\Vino.Core.Extensions.Layui\Vino.Core.Extensions.Layui.csproj", "{0998E5B0-B7F0-4895-8D3C-7EC6F93274AD}"
EndProject
Project("{2150E333-8FDC-42A3-9474-1A3956D46DE8}") = "7.开源项目", "7.开源项目", "{3FFD240A-9650-4B56-ADEA-A094642369E6}"
EndProject
Project("{9A19103F-16F7-4668-BE54-9A1E7A4F7556}") = "Vino.Core.Extensions.Layui.Test", "..\..\开源\Vino.Core.Extensions\Tests\Vino.Core.Extensions.Layui.Test\Vino.Core.Extensions.Layui.Test.csproj", "{4E6D97BD-EE58-4916-92C2-9650CB8BF749}"
EndProject
Project("{9A19103F-16F7-4668-BE54-9A1E7A4F7556}") = "Vino.Core.Session", "Vino.Core.Session\Vino.Core.Session.csproj", "{8549DD05-26F6-4202-A1B0-AC9CF7309590}"
EndProject
Project("{9A19103F-16F7-4668-BE54-9A1E7A4F7556}") = "DotNetCore.CAP", "..\..\开源\CAP\src\DotNetCore.CAP\DotNetCore.CAP.csproj", "{661BD796-CEBB-40A1-9B37-29ADB4CA7F7E}"
EndProject
Project("{9A19103F-16F7-4668-BE54-9A1E7A4F7556}") = "DotNetCore.CAP.RabbitMQ", "..\..\开源\CAP\src\DotNetCore.CAP.RabbitMQ\DotNetCore.CAP.RabbitMQ.csproj", "{9E4BB26D-1B25-44F1-A32F-20A1F76714D1}"
EndProject
Project("{9A19103F-16F7-4668-BE54-9A1E7A4F7556}") = "DotNetCore.CAP.MySql", "..\..\开源\CAP\src\DotNetCore.CAP.MySql\DotNetCore.CAP.MySql.csproj", "{86B2E8FF-3778-4CD5-B8B5-40A69C28A59A}"
EndProject
Project("{2150E333-8FDC-42A3-9474-1A3956D46DE8}") = "2.接口", "2.接口", "{9D86126B-0723-4E1C-B95A-DCD1E079D624}"
EndProject
Project("{9A19103F-16F7-4668-BE54-9A1E7A4F7556}") = "Vino.Core.MvcPlugin", "Vino.Core.MvcPlugin\Vino.Core.MvcPlugin.csproj", "{FBBBB8A1-38CF-4D85-87BF-5F0496CCC29D}"
EndProject
Project("{9A19103F-16F7-4668-BE54-9A1E7A4F7556}") = "Vino.Core.CMS.IService", "Vino.Core.CMS.IService\Vino.Core.CMS.IService.csproj", "{87DCC404-9023-44AF-9CCF-C978B8BF5FC3}"
EndProject
Project("{9A19103F-16F7-4668-BE54-9A1E7A4F7556}") = "Vino.Core.WeChat", "Vino.Core.WeChat\Vino.Core.WeChat.csproj", "{758526A6-BC28-4883-A392-3A22DE484F16}"
EndProject
Project("{9A19103F-16F7-4668-BE54-9A1E7A4F7556}") = "Vino.Core.CMS.WebApi", "Vino.Core.CMS.WebApi\Vino.Core.CMS.WebApi.csproj", "{4DB286CD-6FD4-4AE7-86B1-BAA046109256}"
EndProject
Project("{FAE04EC0-301F-11D3-BF4B-00C04F79EFBC}") = "Vino.Core.Extensions.Ui", "..\..\开源\Vino.Core.Extensions\Vino.Core.Extensions.Ui\Vino.Core.Extensions.Ui.csproj", "{FF08910C-04CD-4069-AC00-0966650D68CE}"
EndProject
Global
	GlobalSection(SolutionConfigurationPlatforms) = preSolution
		Debug|Any CPU = Debug|Any CPU
		Release|Any CPU = Release|Any CPU
	EndGlobalSection
	GlobalSection(ProjectConfigurationPlatforms) = postSolution
		{73C2FAAC-7BCB-420E-913E-37CE2F21470F}.Debug|Any CPU.ActiveCfg = Debug|Any CPU
		{73C2FAAC-7BCB-420E-913E-37CE2F21470F}.Debug|Any CPU.Build.0 = Debug|Any CPU
		{73C2FAAC-7BCB-420E-913E-37CE2F21470F}.Release|Any CPU.ActiveCfg = Release|Any CPU
		{73C2FAAC-7BCB-420E-913E-37CE2F21470F}.Release|Any CPU.Build.0 = Release|Any CPU
		{02FBBBAB-95BC-4C92-BABA-B0F1F84EA50B}.Debug|Any CPU.ActiveCfg = Debug|Any CPU
		{02FBBBAB-95BC-4C92-BABA-B0F1F84EA50B}.Debug|Any CPU.Build.0 = Debug|Any CPU
		{02FBBBAB-95BC-4C92-BABA-B0F1F84EA50B}.Release|Any CPU.ActiveCfg = Release|Any CPU
		{02FBBBAB-95BC-4C92-BABA-B0F1F84EA50B}.Release|Any CPU.Build.0 = Release|Any CPU
		{CF98FC79-1E4E-4AE0-80F6-428ED33F4CBB}.Debug|Any CPU.ActiveCfg = Debug|Any CPU
		{CF98FC79-1E4E-4AE0-80F6-428ED33F4CBB}.Debug|Any CPU.Build.0 = Debug|Any CPU
		{CF98FC79-1E4E-4AE0-80F6-428ED33F4CBB}.Release|Any CPU.ActiveCfg = Release|Any CPU
		{CF98FC79-1E4E-4AE0-80F6-428ED33F4CBB}.Release|Any CPU.Build.0 = Release|Any CPU
		{5B0EFC0F-BCCB-4661-8EAB-5700FD6CE25C}.Debug|Any CPU.ActiveCfg = Debug|Any CPU
		{5B0EFC0F-BCCB-4661-8EAB-5700FD6CE25C}.Debug|Any CPU.Build.0 = Debug|Any CPU
		{5B0EFC0F-BCCB-4661-8EAB-5700FD6CE25C}.Release|Any CPU.ActiveCfg = Release|Any CPU
		{5B0EFC0F-BCCB-4661-8EAB-5700FD6CE25C}.Release|Any CPU.Build.0 = Release|Any CPU
		{865F844C-DD2F-4F05-B534-B7EA154DF883}.Debug|Any CPU.ActiveCfg = Debug|Any CPU
		{865F844C-DD2F-4F05-B534-B7EA154DF883}.Debug|Any CPU.Build.0 = Debug|Any CPU
		{865F844C-DD2F-4F05-B534-B7EA154DF883}.Release|Any CPU.ActiveCfg = Release|Any CPU
		{865F844C-DD2F-4F05-B534-B7EA154DF883}.Release|Any CPU.Build.0 = Release|Any CPU
		{3A2B4850-8EA0-4094-996E-BE982B5AE65D}.Debug|Any CPU.ActiveCfg = Debug|Any CPU
		{3A2B4850-8EA0-4094-996E-BE982B5AE65D}.Debug|Any CPU.Build.0 = Debug|Any CPU
		{3A2B4850-8EA0-4094-996E-BE982B5AE65D}.Release|Any CPU.ActiveCfg = Release|Any CPU
		{3A2B4850-8EA0-4094-996E-BE982B5AE65D}.Release|Any CPU.Build.0 = Release|Any CPU
		{38BA2F99-2E0B-4B17-AEEB-AA1319DF0985}.Debug|Any CPU.ActiveCfg = Debug|Any CPU
		{38BA2F99-2E0B-4B17-AEEB-AA1319DF0985}.Debug|Any CPU.Build.0 = Debug|Any CPU
		{38BA2F99-2E0B-4B17-AEEB-AA1319DF0985}.Release|Any CPU.ActiveCfg = Release|Any CPU
		{38BA2F99-2E0B-4B17-AEEB-AA1319DF0985}.Release|Any CPU.Build.0 = Release|Any CPU
		{3B9DB242-13E5-401A-8592-3BAB515AEDEF}.Debug|Any CPU.ActiveCfg = Debug|Any CPU
		{3B9DB242-13E5-401A-8592-3BAB515AEDEF}.Debug|Any CPU.Build.0 = Debug|Any CPU
		{3B9DB242-13E5-401A-8592-3BAB515AEDEF}.Release|Any CPU.ActiveCfg = Release|Any CPU
		{3B9DB242-13E5-401A-8592-3BAB515AEDEF}.Release|Any CPU.Build.0 = Release|Any CPU
		{EE0DB9D1-1226-430E-9BB2-1B1B680D0DF5}.Debug|Any CPU.ActiveCfg = Debug|Any CPU
		{EE0DB9D1-1226-430E-9BB2-1B1B680D0DF5}.Debug|Any CPU.Build.0 = Debug|Any CPU
		{EE0DB9D1-1226-430E-9BB2-1B1B680D0DF5}.Release|Any CPU.ActiveCfg = Release|Any CPU
		{EE0DB9D1-1226-430E-9BB2-1B1B680D0DF5}.Release|Any CPU.Build.0 = Release|Any CPU
		{00A492FB-10A7-433D-8374-95D0329D6C16}.Debug|Any CPU.ActiveCfg = Debug|Any CPU
		{00A492FB-10A7-433D-8374-95D0329D6C16}.Debug|Any CPU.Build.0 = Debug|Any CPU
		{00A492FB-10A7-433D-8374-95D0329D6C16}.Release|Any CPU.ActiveCfg = Release|Any CPU
		{00A492FB-10A7-433D-8374-95D0329D6C16}.Release|Any CPU.Build.0 = Release|Any CPU
		{2BE05EA2-E672-401A-98F5-519CE4088AEC}.Debug|Any CPU.ActiveCfg = Debug|Any CPU
		{2BE05EA2-E672-401A-98F5-519CE4088AEC}.Debug|Any CPU.Build.0 = Debug|Any CPU
		{2BE05EA2-E672-401A-98F5-519CE4088AEC}.Release|Any CPU.ActiveCfg = Release|Any CPU
		{2BE05EA2-E672-401A-98F5-519CE4088AEC}.Release|Any CPU.Build.0 = Release|Any CPU
		{1D36842E-C60C-460A-905E-8E8B604B04D1}.Debug|Any CPU.ActiveCfg = Debug|Any CPU
		{1D36842E-C60C-460A-905E-8E8B604B04D1}.Debug|Any CPU.Build.0 = Debug|Any CPU
		{1D36842E-C60C-460A-905E-8E8B604B04D1}.Release|Any CPU.ActiveCfg = Release|Any CPU
		{1D36842E-C60C-460A-905E-8E8B604B04D1}.Release|Any CPU.Build.0 = Release|Any CPU
		{63ED8391-D0AA-43B1-B0CD-3628F89895E9}.Debug|Any CPU.ActiveCfg = Debug|Any CPU
		{63ED8391-D0AA-43B1-B0CD-3628F89895E9}.Debug|Any CPU.Build.0 = Debug|Any CPU
		{63ED8391-D0AA-43B1-B0CD-3628F89895E9}.Release|Any CPU.ActiveCfg = Release|Any CPU
		{63ED8391-D0AA-43B1-B0CD-3628F89895E9}.Release|Any CPU.Build.0 = Release|Any CPU
		{30BFE056-3FD9-4120-86B8-DD14A007127B}.Debug|Any CPU.ActiveCfg = Debug|Any CPU
		{30BFE056-3FD9-4120-86B8-DD14A007127B}.Debug|Any CPU.Build.0 = Debug|Any CPU
		{30BFE056-3FD9-4120-86B8-DD14A007127B}.Release|Any CPU.ActiveCfg = Release|Any CPU
		{30BFE056-3FD9-4120-86B8-DD14A007127B}.Release|Any CPU.Build.0 = Release|Any CPU
		{326151C5-9475-407F-BA21-2925151DC8A4}.Debug|Any CPU.ActiveCfg = Debug|Any CPU
		{326151C5-9475-407F-BA21-2925151DC8A4}.Debug|Any CPU.Build.0 = Debug|Any CPU
		{326151C5-9475-407F-BA21-2925151DC8A4}.Release|Any CPU.ActiveCfg = Release|Any CPU
		{326151C5-9475-407F-BA21-2925151DC8A4}.Release|Any CPU.Build.0 = Release|Any CPU
		{F09D0224-A801-44F5-8B42-9301F22372CF}.Debug|Any CPU.ActiveCfg = Debug|Any CPU
		{F09D0224-A801-44F5-8B42-9301F22372CF}.Debug|Any CPU.Build.0 = Debug|Any CPU
		{F09D0224-A801-44F5-8B42-9301F22372CF}.Release|Any CPU.ActiveCfg = Release|Any CPU
		{F09D0224-A801-44F5-8B42-9301F22372CF}.Release|Any CPU.Build.0 = Release|Any CPU
		{0998E5B0-B7F0-4895-8D3C-7EC6F93274AD}.Debug|Any CPU.ActiveCfg = Debug|Any CPU
		{0998E5B0-B7F0-4895-8D3C-7EC6F93274AD}.Debug|Any CPU.Build.0 = Debug|Any CPU
		{0998E5B0-B7F0-4895-8D3C-7EC6F93274AD}.Release|Any CPU.ActiveCfg = Release|Any CPU
		{0998E5B0-B7F0-4895-8D3C-7EC6F93274AD}.Release|Any CPU.Build.0 = Release|Any CPU
		{4E6D97BD-EE58-4916-92C2-9650CB8BF749}.Debug|Any CPU.ActiveCfg = Debug|Any CPU
		{4E6D97BD-EE58-4916-92C2-9650CB8BF749}.Debug|Any CPU.Build.0 = Debug|Any CPU
		{4E6D97BD-EE58-4916-92C2-9650CB8BF749}.Release|Any CPU.ActiveCfg = Release|Any CPU
		{4E6D97BD-EE58-4916-92C2-9650CB8BF749}.Release|Any CPU.Build.0 = Release|Any CPU
		{8549DD05-26F6-4202-A1B0-AC9CF7309590}.Debug|Any CPU.ActiveCfg = Debug|Any CPU
		{8549DD05-26F6-4202-A1B0-AC9CF7309590}.Debug|Any CPU.Build.0 = Debug|Any CPU
		{8549DD05-26F6-4202-A1B0-AC9CF7309590}.Release|Any CPU.ActiveCfg = Release|Any CPU
		{8549DD05-26F6-4202-A1B0-AC9CF7309590}.Release|Any CPU.Build.0 = Release|Any CPU
		{661BD796-CEBB-40A1-9B37-29ADB4CA7F7E}.Debug|Any CPU.ActiveCfg = Debug|Any CPU
		{661BD796-CEBB-40A1-9B37-29ADB4CA7F7E}.Debug|Any CPU.Build.0 = Debug|Any CPU
		{661BD796-CEBB-40A1-9B37-29ADB4CA7F7E}.Release|Any CPU.ActiveCfg = Release|Any CPU
		{661BD796-CEBB-40A1-9B37-29ADB4CA7F7E}.Release|Any CPU.Build.0 = Release|Any CPU
		{9E4BB26D-1B25-44F1-A32F-20A1F76714D1}.Debug|Any CPU.ActiveCfg = Debug|Any CPU
		{9E4BB26D-1B25-44F1-A32F-20A1F76714D1}.Debug|Any CPU.Build.0 = Debug|Any CPU
		{9E4BB26D-1B25-44F1-A32F-20A1F76714D1}.Release|Any CPU.ActiveCfg = Release|Any CPU
		{9E4BB26D-1B25-44F1-A32F-20A1F76714D1}.Release|Any CPU.Build.0 = Release|Any CPU
		{86B2E8FF-3778-4CD5-B8B5-40A69C28A59A}.Debug|Any CPU.ActiveCfg = Debug|Any CPU
		{86B2E8FF-3778-4CD5-B8B5-40A69C28A59A}.Debug|Any CPU.Build.0 = Debug|Any CPU
		{86B2E8FF-3778-4CD5-B8B5-40A69C28A59A}.Release|Any CPU.ActiveCfg = Release|Any CPU
		{86B2E8FF-3778-4CD5-B8B5-40A69C28A59A}.Release|Any CPU.Build.0 = Release|Any CPU
		{FBBBB8A1-38CF-4D85-87BF-5F0496CCC29D}.Debug|Any CPU.ActiveCfg = Debug|Any CPU
		{FBBBB8A1-38CF-4D85-87BF-5F0496CCC29D}.Debug|Any CPU.Build.0 = Debug|Any CPU
		{FBBBB8A1-38CF-4D85-87BF-5F0496CCC29D}.Release|Any CPU.ActiveCfg = Release|Any CPU
		{FBBBB8A1-38CF-4D85-87BF-5F0496CCC29D}.Release|Any CPU.Build.0 = Release|Any CPU
		{87DCC404-9023-44AF-9CCF-C978B8BF5FC3}.Debug|Any CPU.ActiveCfg = Debug|Any CPU
		{87DCC404-9023-44AF-9CCF-C978B8BF5FC3}.Debug|Any CPU.Build.0 = Debug|Any CPU
		{87DCC404-9023-44AF-9CCF-C978B8BF5FC3}.Release|Any CPU.ActiveCfg = Release|Any CPU
		{87DCC404-9023-44AF-9CCF-C978B8BF5FC3}.Release|Any CPU.Build.0 = Release|Any CPU
		{758526A6-BC28-4883-A392-3A22DE484F16}.Debug|Any CPU.ActiveCfg = Debug|Any CPU
		{758526A6-BC28-4883-A392-3A22DE484F16}.Debug|Any CPU.Build.0 = Debug|Any CPU
		{758526A6-BC28-4883-A392-3A22DE484F16}.Release|Any CPU.ActiveCfg = Release|Any CPU
		{758526A6-BC28-4883-A392-3A22DE484F16}.Release|Any CPU.Build.0 = Release|Any CPU
		{4DB286CD-6FD4-4AE7-86B1-BAA046109256}.Debug|Any CPU.ActiveCfg = Debug|Any CPU
		{4DB286CD-6FD4-4AE7-86B1-BAA046109256}.Debug|Any CPU.Build.0 = Debug|Any CPU
		{4DB286CD-6FD4-4AE7-86B1-BAA046109256}.Release|Any CPU.ActiveCfg = Release|Any CPU
		{4DB286CD-6FD4-4AE7-86B1-BAA046109256}.Release|Any CPU.Build.0 = Release|Any CPU
		{FF08910C-04CD-4069-AC00-0966650D68CE}.Debug|Any CPU.ActiveCfg = Debug|Any CPU
		{FF08910C-04CD-4069-AC00-0966650D68CE}.Debug|Any CPU.Build.0 = Debug|Any CPU
		{FF08910C-04CD-4069-AC00-0966650D68CE}.Release|Any CPU.ActiveCfg = Release|Any CPU
		{FF08910C-04CD-4069-AC00-0966650D68CE}.Release|Any CPU.Build.0 = Release|Any CPU
	EndGlobalSection
	GlobalSection(SolutionProperties) = preSolution
		HideSolutionNode = FALSE
	EndGlobalSection
	GlobalSection(NestedProjects) = preSolution
		{73C2FAAC-7BCB-420E-913E-37CE2F21470F} = {92B8B0CA-E355-4FC9-8F1A-C056112CB388}
		{02FBBBAB-95BC-4C92-BABA-B0F1F84EA50B} = {710A57A2-44CD-4A89-A01A-1AF755B90113}
		{CF98FC79-1E4E-4AE0-80F6-428ED33F4CBB} = {55C35987-B209-43DB-A627-3E77CC97586F}
		{5B0EFC0F-BCCB-4661-8EAB-5700FD6CE25C} = {92B8B0CA-E355-4FC9-8F1A-C056112CB388}
		{865F844C-DD2F-4F05-B534-B7EA154DF883} = {5F420258-0110-494B-98DA-94B5B61B2E5F}
		{3A2B4850-8EA0-4094-996E-BE982B5AE65D} = {AAA4FAE3-F8E8-441D-A1F7-CEE3153858D4}
		{38BA2F99-2E0B-4B17-AEEB-AA1319DF0985} = {92B8B0CA-E355-4FC9-8F1A-C056112CB388}
		{3B9DB242-13E5-401A-8592-3BAB515AEDEF} = {710A57A2-44CD-4A89-A01A-1AF755B90113}
		{EE0DB9D1-1226-430E-9BB2-1B1B680D0DF5} = {AAA4FAE3-F8E8-441D-A1F7-CEE3153858D4}
		{00A492FB-10A7-433D-8374-95D0329D6C16} = {AAA4FAE3-F8E8-441D-A1F7-CEE3153858D4}
		{2BE05EA2-E672-401A-98F5-519CE4088AEC} = {AAA4FAE3-F8E8-441D-A1F7-CEE3153858D4}
		{1D36842E-C60C-460A-905E-8E8B604B04D1} = {38AE7166-6167-4D42-A479-647797CD1A83}
		{63ED8391-D0AA-43B1-B0CD-3628F89895E9} = {90D6C3DB-5BAC-4192-B281-6F553849024E}
		{30BFE056-3FD9-4120-86B8-DD14A007127B} = {92B8B0CA-E355-4FC9-8F1A-C056112CB388}
		{326151C5-9475-407F-BA21-2925151DC8A4} = {92B8B0CA-E355-4FC9-8F1A-C056112CB388}
		{F09D0224-A801-44F5-8B42-9301F22372CF} = {5F420258-0110-494B-98DA-94B5B61B2E5F}
		{0998E5B0-B7F0-4895-8D3C-7EC6F93274AD} = {3FFD240A-9650-4B56-ADEA-A094642369E6}
		{4E6D97BD-EE58-4916-92C2-9650CB8BF749} = {3FFD240A-9650-4B56-ADEA-A094642369E6}
		{8549DD05-26F6-4202-A1B0-AC9CF7309590} = {92B8B0CA-E355-4FC9-8F1A-C056112CB388}
		{661BD796-CEBB-40A1-9B37-29ADB4CA7F7E} = {3FFD240A-9650-4B56-ADEA-A094642369E6}
		{9E4BB26D-1B25-44F1-A32F-20A1F76714D1} = {3FFD240A-9650-4B56-ADEA-A094642369E6}
		{86B2E8FF-3778-4CD5-B8B5-40A69C28A59A} = {3FFD240A-9650-4B56-ADEA-A094642369E6}
		{FBBBB8A1-38CF-4D85-87BF-5F0496CCC29D} = {92B8B0CA-E355-4FC9-8F1A-C056112CB388}
		{87DCC404-9023-44AF-9CCF-C978B8BF5FC3} = {55C35987-B209-43DB-A627-3E77CC97586F}
		{758526A6-BC28-4883-A392-3A22DE484F16} = {92B8B0CA-E355-4FC9-8F1A-C056112CB388}
		{4DB286CD-6FD4-4AE7-86B1-BAA046109256} = {9D86126B-0723-4E1C-B95A-DCD1E079D624}
		{FF08910C-04CD-4069-AC00-0966650D68CE} = {3FFD240A-9650-4B56-ADEA-A094642369E6}
	EndGlobalSection
	GlobalSection(ExtensibilityGlobals) = postSolution
		SolutionGuid = {DB556CB4-2C5F-4B1A-B5B1-F8B62E39742A}
	EndGlobalSection
EndGlobal
