
Microsoft Visual Studio Solution File, Format Version 12.00
# Visual Studio 15
VisualStudioVersion = 15.0.26430.16
MinimumVisualStudioVersion = 10.0.40219.1
Project("{9A19103F-16F7-4668-BE54-9A1E7A4F7556}") = "Vino.Core.CMS.Web.Admin", "Vino.Core.CMS.Web.Admin\Vino.Core.CMS.Web.Admin.csproj", "{E723CB95-286B-4243-98BD-1472C35B58F5}"
EndProject
Project("{2150E333-8FDC-42A3-9474-1A3956D46DE8}") = "1.表现", "1.表现", "{5F420258-0110-494B-98DA-94B5B61B2E5F}"
EndProject
Project("{2150E333-8FDC-42A3-9474-1A3956D46DE8}") = "6.其他", "6.其他", "{38AE7166-6167-4D42-A479-647797CD1A83}"
EndProject
Project("{9A19103F-16F7-4668-BE54-9A1E7A4F7556}") = "Vino.Core.Infrastructure", "Vino.Core.Infrastructure\Vino.Core.Infrastructure.csproj", "{73C2FAAC-7BCB-420E-913E-37CE2F21470F}"
EndProject
Project("{2150E333-8FDC-42A3-9474-1A3956D46DE8}") = "3.数据", "3.数据", "{710A57A2-44CD-4A89-A01A-1AF755B90113}"
EndProject
Project("{9A19103F-16F7-4668-BE54-9A1E7A4F7556}") = "Vino.Core.CMS.Data", "Vino.Core.CMS.Data\Vino.Core.CMS.Data.csproj", "{02FBBBAB-95BC-4C92-BABA-B0F1F84EA50B}"
EndProject
Project("{2150E333-8FDC-42A3-9474-1A3956D46DE8}") = "2.服务", "2.服务", "{55C35987-B209-43DB-A627-3E77CC97586F}"
EndProject
Project("{9A19103F-16F7-4668-BE54-9A1E7A4F7556}") = "Vino.Core.CMS.Service", "Vino.Core.CMS.Service\Vino.Core.CMS.Service.csproj", "{CF98FC79-1E4E-4AE0-80F6-428ED33F4CBB}"
EndProject
Project("{9A19103F-16F7-4668-BE54-9A1E7A4F7556}") = "Vino.Core.Cache", "Vino.Core.Cache\Vino.Core.Cache.csproj", "{5B0EFC0F-BCCB-4661-8EAB-5700FD6CE25C}"
EndProject
Project("{9A19103F-16F7-4668-BE54-9A1E7A4F7556}") = "Vino.Core.CMS.Web", "Vino.Core.CMS.Web\Vino.Core.CMS.Web.csproj", "{865F844C-DD2F-4F05-B534-B7EA154DF883}"
EndProject
Project("{9A19103F-16F7-4668-BE54-9A1E7A4F7556}") = "Vino.Core.CMS.Job", "Vino.Core.CMS.Job\Vino.Core.CMS.Job.csproj", "{3A2B4850-8EA0-4094-996E-BE982B5AE65D}"
EndProject
Project("{2150E333-8FDC-42A3-9474-1A3956D46DE8}") = "0.基础", "0.基础", "{92B8B0CA-E355-4FC9-8F1A-C056112CB388}"
EndProject
Project("{9A19103F-16F7-4668-BE54-9A1E7A4F7556}") = "Vino.Core.Tokens.Jwt", "Vino.Core.Tokens.Jwt\Vino.Core.Tokens.Jwt.csproj", "{38BA2F99-2E0B-4B17-AEEB-AA1319DF0985}"
EndProject
Project("{9A19103F-16F7-4668-BE54-9A1E7A4F7556}") = "Vino.Core.CMS.Domain", "Vino.Core.CMS.Domain\Vino.Core.CMS.Domain.csproj", "{3B9DB242-13E5-401A-8592-3BAB515AEDEF}"
EndProject
Project("{2150E333-8FDC-42A3-9474-1A3956D46DE8}") = "4.定时任务", "4.定时任务", "{AAA4FAE3-F8E8-441D-A1F7-CEE3153858D4}"
EndProject
Project("{9A19103F-16F7-4668-BE54-9A1E7A4F7556}") = "Vino.Core.TimedTask", "..\..\开源\Vino.Core.TimedTask\source\Vino.Core.TimedTask\Vino.Core.TimedTask.csproj", "{EE0DB9D1-1226-430E-9BB2-1B1B680D0DF5}"
EndProject
Project("{9A19103F-16F7-4668-BE54-9A1E7A4F7556}") = "Vino.Core.TimedTask.EntityFramework", "..\..\开源\Vino.Core.TimedTask\source\Vino.Core.TimedTask.EntityFramework\Vino.Core.TimedTask.EntityFramework.csproj", "{00A492FB-10A7-433D-8374-95D0329D6C16}"
EndProject
Project("{9A19103F-16F7-4668-BE54-9A1E7A4F7556}") = "Vino.Core.CMS.TaskApp", "Vino.Core.CMS.TaskApp\Vino.Core.CMS.TaskApp.csproj", "{2BE05EA2-E672-401A-98F5-519CE4088AEC}"
EndProject
Project("{9A19103F-16F7-4668-BE54-9A1E7A4F7556}") = "Vino.Core.CMS.CodeGenerator", "Vino.Core.CMS.CodeGenerator\Vino.Core.CMS.CodeGenerator.csproj", "{1D36842E-C60C-460A-905E-8E8B604B04D1}"
EndProject
Project("{2150E333-8FDC-42A3-9474-1A3956D46DE8}") = "5.测试", "5.测试", "{90D6C3DB-5BAC-4192-B281-6F553849024E}"
EndProject
Project("{9A19103F-16F7-4668-BE54-9A1E7A4F7556}") = "Vino.Core.CMS.Tests", "Vino.Core.CMS.Tests\Vino.Core.CMS.Tests.csproj", "{63ED8391-D0AA-43B1-B0CD-3628F89895E9}"
EndProject
Global
	GlobalSection(SolutionConfigurationPlatforms) = preSolution
		Debug|Any CPU = Debug|Any CPU
		Release|Any CPU = Release|Any CPU
	EndGlobalSection
	GlobalSection(ProjectConfigurationPlatforms) = postSolution
		{E723CB95-286B-4243-98BD-1472C35B58F5}.Debug|Any CPU.ActiveCfg = Debug|Any CPU
		{E723CB95-286B-4243-98BD-1472C35B58F5}.Debug|Any CPU.Build.0 = Debug|Any CPU
		{E723CB95-286B-4243-98BD-1472C35B58F5}.Release|Any CPU.ActiveCfg = Release|Any CPU
		{E723CB95-286B-4243-98BD-1472C35B58F5}.Release|Any CPU.Build.0 = Release|Any CPU
		{73C2FAAC-7BCB-420E-913E-37CE2F21470F}.Debug|Any CPU.ActiveCfg = Debug|Any CPU
		{73C2FAAC-7BCB-420E-913E-37CE2F21470F}.Debug|Any CPU.Build.0 = Debug|Any CPU
		{73C2FAAC-7BCB-420E-913E-37CE2F21470F}.Release|Any CPU.ActiveCfg = Release|Any CPU
		{73C2FAAC-7BCB-420E-913E-37CE2F21470F}.Release|Any CPU.Build.0 = Release|Any CPU
		{02FBBBAB-95BC-4C92-BABA-B0F1F84EA50B}.Debug|Any CPU.ActiveCfg = Debug|Any CPU
		{02FBBBAB-95BC-4C92-BABA-B0F1F84EA50B}.Debug|Any CPU.Build.0 = Debug|Any CPU
		{02FBBBAB-95BC-4C92-BABA-B0F1F84EA50B}.Release|Any CPU.ActiveCfg = Release|Any CPU
		{02FBBBAB-95BC-4C92-BABA-B0F1F84EA50B}.Release|Any CPU.Build.0 = Release|Any CPU
		{CF98FC79-1E4E-4AE0-80F6-428ED33F4CBB}.Debug|Any CPU.ActiveCfg = Debug|Any CPU
		{CF98FC79-1E4E-4AE0-80F6-428ED33F4CBB}.Debug|Any CPU.Build.0 = Debug|Any CPU
		{CF98FC79-1E4E-4AE0-80F6-428ED33F4CBB}.Release|Any CPU.ActiveCfg = Release|Any CPU
		{CF98FC79-1E4E-4AE0-80F6-428ED33F4CBB}.Release|Any CPU.Build.0 = Release|Any CPU
		{5B0EFC0F-BCCB-4661-8EAB-5700FD6CE25C}.Debug|Any CPU.ActiveCfg = Debug|Any CPU
		{5B0EFC0F-BCCB-4661-8EAB-5700FD6CE25C}.Debug|Any CPU.Build.0 = Debug|Any CPU
		{5B0EFC0F-BCCB-4661-8EAB-5700FD6CE25C}.Release|Any CPU.ActiveCfg = Release|Any CPU
		{5B0EFC0F-BCCB-4661-8EAB-5700FD6CE25C}.Release|Any CPU.Build.0 = Release|Any CPU
		{865F844C-DD2F-4F05-B534-B7EA154DF883}.Debug|Any CPU.ActiveCfg = Debug|Any CPU
		{865F844C-DD2F-4F05-B534-B7EA154DF883}.Debug|Any CPU.Build.0 = Debug|Any CPU
		{865F844C-DD2F-4F05-B534-B7EA154DF883}.Release|Any CPU.ActiveCfg = Release|Any CPU
		{865F844C-DD2F-4F05-B534-B7EA154DF883}.Release|Any CPU.Build.0 = Release|Any CPU
		{3A2B4850-8EA0-4094-996E-BE982B5AE65D}.Debug|Any CPU.ActiveCfg = Debug|Any CPU
		{3A2B4850-8EA0-4094-996E-BE982B5AE65D}.Debug|Any CPU.Build.0 = Debug|Any CPU
		{3A2B4850-8EA0-4094-996E-BE982B5AE65D}.Release|Any CPU.ActiveCfg = Release|Any CPU
		{3A2B4850-8EA0-4094-996E-BE982B5AE65D}.Release|Any CPU.Build.0 = Release|Any CPU
		{38BA2F99-2E0B-4B17-AEEB-AA1319DF0985}.Debug|Any CPU.ActiveCfg = Debug|Any CPU
		{38BA2F99-2E0B-4B17-AEEB-AA1319DF0985}.Debug|Any CPU.Build.0 = Debug|Any CPU
		{38BA2F99-2E0B-4B17-AEEB-AA1319DF0985}.Release|Any CPU.ActiveCfg = Release|Any CPU
		{38BA2F99-2E0B-4B17-AEEB-AA1319DF0985}.Release|Any CPU.Build.0 = Release|Any CPU
		{3B9DB242-13E5-401A-8592-3BAB515AEDEF}.Debug|Any CPU.ActiveCfg = Debug|Any CPU
		{3B9DB242-13E5-401A-8592-3BAB515AEDEF}.Debug|Any CPU.Build.0 = Debug|Any CPU
		{3B9DB242-13E5-401A-8592-3BAB515AEDEF}.Release|Any CPU.ActiveCfg = Release|Any CPU
		{3B9DB242-13E5-401A-8592-3BAB515AEDEF}.Release|Any CPU.Build.0 = Release|Any CPU
		{EE0DB9D1-1226-430E-9BB2-1B1B680D0DF5}.Debug|Any CPU.ActiveCfg = Debug|Any CPU
		{EE0DB9D1-1226-430E-9BB2-1B1B680D0DF5}.Debug|Any CPU.Build.0 = Debug|Any CPU
		{EE0DB9D1-1226-430E-9BB2-1B1B680D0DF5}.Release|Any CPU.ActiveCfg = Release|Any CPU
		{EE0DB9D1-1226-430E-9BB2-1B1B680D0DF5}.Release|Any CPU.Build.0 = Release|Any CPU
		{00A492FB-10A7-433D-8374-95D0329D6C16}.Debug|Any CPU.ActiveCfg = Debug|Any CPU
		{00A492FB-10A7-433D-8374-95D0329D6C16}.Debug|Any CPU.Build.0 = Debug|Any CPU
		{00A492FB-10A7-433D-8374-95D0329D6C16}.Release|Any CPU.ActiveCfg = Release|Any CPU
		{00A492FB-10A7-433D-8374-95D0329D6C16}.Release|Any CPU.Build.0 = Release|Any CPU
		{2BE05EA2-E672-401A-98F5-519CE4088AEC}.Debug|Any CPU.ActiveCfg = Debug|Any CPU
		{2BE05EA2-E672-401A-98F5-519CE4088AEC}.Debug|Any CPU.Build.0 = Debug|Any CPU
		{2BE05EA2-E672-401A-98F5-519CE4088AEC}.Release|Any CPU.ActiveCfg = Release|Any CPU
		{2BE05EA2-E672-401A-98F5-519CE4088AEC}.Release|Any CPU.Build.0 = Release|Any CPU
		{1D36842E-C60C-460A-905E-8E8B604B04D1}.Debug|Any CPU.ActiveCfg = Debug|Any CPU
		{1D36842E-C60C-460A-905E-8E8B604B04D1}.Debug|Any CPU.Build.0 = Debug|Any CPU
		{1D36842E-C60C-460A-905E-8E8B604B04D1}.Release|Any CPU.ActiveCfg = Release|Any CPU
		{1D36842E-C60C-460A-905E-8E8B604B04D1}.Release|Any CPU.Build.0 = Release|Any CPU
		{63ED8391-D0AA-43B1-B0CD-3628F89895E9}.Debug|Any CPU.ActiveCfg = Debug|Any CPU
		{63ED8391-D0AA-43B1-B0CD-3628F89895E9}.Debug|Any CPU.Build.0 = Debug|Any CPU
		{63ED8391-D0AA-43B1-B0CD-3628F89895E9}.Release|Any CPU.ActiveCfg = Release|Any CPU
		{63ED8391-D0AA-43B1-B0CD-3628F89895E9}.Release|Any CPU.Build.0 = Release|Any CPU
	EndGlobalSection
	GlobalSection(SolutionProperties) = preSolution
		HideSolutionNode = FALSE
	EndGlobalSection
	GlobalSection(NestedProjects) = preSolution
		{E723CB95-286B-4243-98BD-1472C35B58F5} = {5F420258-0110-494B-98DA-94B5B61B2E5F}
		{73C2FAAC-7BCB-420E-913E-37CE2F21470F} = {92B8B0CA-E355-4FC9-8F1A-C056112CB388}
		{02FBBBAB-95BC-4C92-BABA-B0F1F84EA50B} = {710A57A2-44CD-4A89-A01A-1AF755B90113}
		{CF98FC79-1E4E-4AE0-80F6-428ED33F4CBB} = {55C35987-B209-43DB-A627-3E77CC97586F}
		{5B0EFC0F-BCCB-4661-8EAB-5700FD6CE25C} = {92B8B0CA-E355-4FC9-8F1A-C056112CB388}
		{865F844C-DD2F-4F05-B534-B7EA154DF883} = {5F420258-0110-494B-98DA-94B5B61B2E5F}
		{3A2B4850-8EA0-4094-996E-BE982B5AE65D} = {AAA4FAE3-F8E8-441D-A1F7-CEE3153858D4}
		{38BA2F99-2E0B-4B17-AEEB-AA1319DF0985} = {92B8B0CA-E355-4FC9-8F1A-C056112CB388}
		{3B9DB242-13E5-401A-8592-3BAB515AEDEF} = {710A57A2-44CD-4A89-A01A-1AF755B90113}
		{EE0DB9D1-1226-430E-9BB2-1B1B680D0DF5} = {AAA4FAE3-F8E8-441D-A1F7-CEE3153858D4}
		{00A492FB-10A7-433D-8374-95D0329D6C16} = {AAA4FAE3-F8E8-441D-A1F7-CEE3153858D4}
		{2BE05EA2-E672-401A-98F5-519CE4088AEC} = {AAA4FAE3-F8E8-441D-A1F7-CEE3153858D4}
		{1D36842E-C60C-460A-905E-8E8B604B04D1} = {38AE7166-6167-4D42-A479-647797CD1A83}
		{63ED8391-D0AA-43B1-B0CD-3628F89895E9} = {90D6C3DB-5BAC-4192-B281-6F553849024E}
	EndGlobalSection
EndGlobal
